# This file is automatically @generated by Cargo.
# It is not intended for manual editing.
version = 4

[[package]]
name = "tundra-cli"
version = "0.1.0"
dependencies = [
 "tundra-platform",
]

[[package]]
name = "tundra-platform"
version = "0.1.0"

[[package]]
name = "tundra-shell"
version = "0.1.0"
dependencies = [
 "tundra-storage",
]

[[package]]
name = "tundra-storage"
version = "0.1.0"
